
Microsoft Visual Studio Solution File, Format Version 12.00
# Visual Studio Version 17
VisualStudioVersion = 17.0.31912.275
MinimumVisualStudioVersion = 10.0.40219.1
Project("{FAE04EC0-301F-11D3-BF4B-00C04F79EFBC}") = "Fibonacci", "Fibonacci.csproj", "{0090D714-2817-4131-8FB2-B6F954344E79}"
EndProject
Global
	GlobalSection(SolutionConfigurationPlatforms) = preSolution
		Debug|Any CPU = Debug|Any CPU
		Release|Any CPU = Release|Any CPU
	EndGlobalSection
	GlobalSection(ProjectConfigurationPlatforms) = postSolution
		{0090D714-2817-4131-8FB2-B6F954344E79}.Debug|Any CPU.ActiveCfg = Debug|Any CPU
		{0090D714-2817-4131-8FB2-B6F954344E79}.Debug|Any CPU.Build.0 = Debug|Any CPU
		{0090D714-2817-4131-8FB2-B6F954344E79}.Release|Any CPU.ActiveCfg = Release|Any CPU
		{0090D714-2817-4131-8FB2-B6F954344E79}.Release|Any CPU.Build.0 = Release|Any CPU
	EndGlobalSection
	GlobalSection(SolutionProperties) = preSolution
		HideSolutionNode = FALSE
	EndGlobalSection
	GlobalSection(ExtensibilityGlobals) = postSolution
		SolutionGuid = {26671C69-E1E5-4D29-BD87-4D9F16C1E00C}
	EndGlobalSection
EndGlobal
